
Microsoft Visual Studio Solution File, Format Version 12.00
# Visual Studio Version 17
VisualStudioVersion = 17.11.35219.272
MinimumVisualStudioVersion = 10.0.40219.1
Project("{FAE04EC0-301F-11D3-BF4B-00C04F79EFBC}") = "EquipmentInventoryApp", "WindowsFormsApp1\EquipmentInventoryApp.csproj", "{3C8641D9-931B-4C54-A4E2-AED7EF504BBB}"
EndProject
Project("{54435603-DBB4-11D2-8724-00A0C9A8B90C}") = "EIMS", "EIMS\EIMS.vdproj", "{7E6EBA05-6BD9-4D80-91B1-ACFC9A8C8A21}"
EndProject
Global
	GlobalSection(SolutionConfigurationPlatforms) = preSolution
		Debug|Any CPU = Debug|Any CPU
		Release|Any CPU = Release|Any CPU
	EndGlobalSection
	GlobalSection(ProjectConfigurationPlatforms) = postSolution
		{3C8641D9-931B-4C54-A4E2-AED7EF504BBB}.Debug|Any CPU.ActiveCfg = Debug|Any CPU
		{3C8641D9-931B-4C54-A4E2-AED7EF504BBB}.Debug|Any CPU.Build.0 = Debug|Any CPU
		{3C8641D9-931B-4C54-A4E2-AED7EF504BBB}.Release|Any CPU.ActiveCfg = Release|Any CPU
		{3C8641D9-931B-4C54-A4E2-AED7EF504BBB}.Release|Any CPU.Build.0 = Release|Any CPU
		{7E6EBA05-6BD9-4D80-91B1-ACFC9A8C8A21}.Debug|Any CPU.ActiveCfg = Debug
		{7E6EBA05-6BD9-4D80-91B1-ACFC9A8C8A21}.Release|Any CPU.ActiveCfg = Release
	EndGlobalSection
	GlobalSection(SolutionProperties) = preSolution
		HideSolutionNode = FALSE
	EndGlobalSection
	GlobalSection(ExtensibilityGlobals) = postSolution
		SolutionGuid = {28DC066A-D2EA-487F-8D36-81CA532D441C}
	EndGlobalSection
EndGlobal
